{
  "format": "x07.stdlib.lock@0.1.0",
  "lock_version": 1,
  "packages": [
    {
      "name": "std.os.env",
      "path": "stdlib/os/0.1.0/modules/std/os/env.x07.json",
      "relpath": "os/0.1.0/modules/std/os/env.x07.json",
      "sha256": "e85f5494aa94cdc5fe5bd3497c1000744c57c65d85ef5420305656b837dfd989",
      "size_bytes": 293,
      "version": "0.1.0"
    },
    {
      "name": "std.os.env",
      "path": "stdlib/os/0.2.0/modules/std/os/env.x07.json",
      "relpath": "os/0.2.0/modules/std/os/env.x07.json",
      "sha256": "e85f5494aa94cdc5fe5bd3497c1000744c57c65d85ef5420305656b837dfd989",
      "size_bytes": 293,
      "version": "0.2.0"
    },
    {
      "name": "std.os.fs",
      "path": "stdlib/os/0.1.0/modules/std/os/fs.x07.json",
      "relpath": "os/0.1.0/modules/std/os/fs.x07.json",
      "sha256": "cdf4d01c0aa7f94f58f414830801263a970cedb8c6542030115d99803fd08475",
      "size_bytes": 510,
      "version": "0.1.0"
    },
    {
      "name": "std.os.net",
      "path": "stdlib/os/0.1.0/modules/std/os/net.x07.json",
      "relpath": "os/0.1.0/modules/std/os/net.x07.json",
      "sha256": "ff77a5b421ce4879764419e911c725b23e52fdda7774be12b556764e6dfa42b4",
      "size_bytes": 320,
      "version": "0.1.0"
    },
    {
      "name": "std.os.net",
      "path": "stdlib/os/0.2.0/modules/std/os/net.x07.json",
      "relpath": "os/0.2.0/modules/std/os/net.x07.json",
      "sha256": "ff77a5b421ce4879764419e911c725b23e52fdda7774be12b556764e6dfa42b4",
      "size_bytes": 320,
      "version": "0.2.0"
    },
    {
      "name": "std.os.process",
      "path": "stdlib/os/0.1.0/modules/std/os/process.x07.json",
      "relpath": "os/0.1.0/modules/std/os/process.x07.json",
      "sha256": "e3d9635fd88cc7a5f3561d68383104a61ece7829148cb95c45461ef2fd1843ab",
      "size_bytes": 5544,
      "version": "0.1.0"
    },
    {
      "name": "std.os.process",
      "path": "stdlib/os/0.2.0/modules/std/os/process.x07.json",
      "relpath": "os/0.2.0/modules/std/os/process.x07.json",
      "sha256": "e3d9635fd88cc7a5f3561d68383104a61ece7829148cb95c45461ef2fd1843ab",
      "size_bytes": 5544,
      "version": "0.2.0"
    },
    {
      "name": "std.os.process.caps_v1",
      "path": "stdlib/os/0.1.0/modules/std/os/process/caps_v1.x07.json",
      "relpath": "os/0.1.0/modules/std/os/process/caps_v1.x07.json",
      "sha256": "8704cd107bfe3ac12f6848146c14e31832f17106dd73e39f674744689caf2259",
      "size_bytes": 1902,
      "version": "0.1.0"
    },
    {
      "name": "std.os.process.caps_v1",
      "path": "stdlib/os/0.2.0/modules/std/os/process/caps_v1.x07.json",
      "relpath": "os/0.2.0/modules/std/os/process/caps_v1.x07.json",
      "sha256": "8704cd107bfe3ac12f6848146c14e31832f17106dd73e39f674744689caf2259",
      "size_bytes": 1902,
      "version": "0.2.0"
    },
    {
      "name": "std.os.process.req_v1",
      "path": "stdlib/os/0.1.0/modules/std/os/process/req_v1.x07.json",
      "relpath": "os/0.1.0/modules/std/os/process/req_v1.x07.json",
      "sha256": "e0c99ea33b0ae8200636af4e0e8936c676be45e802ea7bd09d64b18208140744",
      "size_bytes": 12997,
      "version": "0.1.0"
    },
    {
      "name": "std.os.process.req_v1",
      "path": "stdlib/os/0.2.0/modules/std/os/process/req_v1.x07.json",
      "relpath": "os/0.2.0/modules/std/os/process/req_v1.x07.json",
      "sha256": "e0c99ea33b0ae8200636af4e0e8936c676be45e802ea7bd09d64b18208140744",
      "size_bytes": 12997,
      "version": "0.2.0"
    },
    {
      "name": "std.os.process_pool",
      "path": "stdlib/os/0.1.0/modules/std/os/process_pool.x07.json",
      "relpath": "os/0.1.0/modules/std/os/process_pool.x07.json",
      "sha256": "4bfa636af8629faf161576196747625d8df859096d170f76b782304484c721f1",
      "size_bytes": 10134,
      "version": "0.1.0"
    },
    {
      "name": "std.os.process_pool",
      "path": "stdlib/os/0.2.0/modules/std/os/process_pool.x07.json",
      "relpath": "os/0.2.0/modules/std/os/process_pool.x07.json",
      "sha256": "4bfa636af8629faf161576196747625d8df859096d170f76b782304484c721f1",
      "size_bytes": 10134,
      "version": "0.2.0"
    },
    {
      "name": "std.os.time",
      "path": "stdlib/os/0.1.0/modules/std/os/time.x07.json",
      "relpath": "os/0.1.0/modules/std/os/time.x07.json",
      "sha256": "a0403c6fb94abdc3f2b348eaa4ff186daeeec9fc14f915900c13dc70537892e5",
      "size_bytes": 287,
      "version": "0.1.0"
    },
    {
      "name": "std.os.time",
      "path": "stdlib/os/0.2.0/modules/std/os/time.x07.json",
      "relpath": "os/0.2.0/modules/std/os/time.x07.json",
      "sha256": "a0403c6fb94abdc3f2b348eaa4ff186daeeec9fc14f915900c13dc70537892e5",
      "size_bytes": 287,
      "version": "0.2.0"
    },
    {
      "name": "std.world.env",
      "path": "stdlib/os/0.1.0/modules/std/world/env.x07.json",
      "relpath": "os/0.1.0/modules/std/world/env.x07.json",
      "sha256": "70d5891981f0ec58cafb96b629b199e67358f57d1ffcabcc1e2e147b5dfcd0bc",
      "size_bytes": 280,
      "version": "0.1.0"
    },
    {
      "name": "std.world.env",
      "path": "stdlib/os/0.2.0/modules/std/world/env.x07.json",
      "relpath": "os/0.2.0/modules/std/world/env.x07.json",
      "sha256": "70d5891981f0ec58cafb96b629b199e67358f57d1ffcabcc1e2e147b5dfcd0bc",
      "size_bytes": 280,
      "version": "0.2.0"
    },
    {
      "name": "std.world.fs",
      "path": "stdlib/os/0.1.0/modules/std/world/fs.x07.json",
      "relpath": "os/0.1.0/modules/std/world/fs.x07.json",
      "sha256": "0833ff02ccd695759dbccc34135655a51042c483181ac5f2b7cac4b416becca1",
      "size_bytes": 742,
      "version": "0.1.0"
    },
    {
      "name": "std.world.fs",
      "path": "stdlib/os/0.2.0/modules/std/world/fs.x07.json",
      "relpath": "os/0.2.0/modules/std/world/fs.x07.json",
      "sha256": "0833ff02ccd695759dbccc34135655a51042c483181ac5f2b7cac4b416becca1",
      "size_bytes": 742,
      "version": "0.2.0"
    },
    {
      "name": "std.world.net",
      "path": "stdlib/os/0.1.0/modules/std/world/net.x07.json",
      "relpath": "os/0.1.0/modules/std/world/net.x07.json",
      "sha256": "20a2590f227b08cfbdf49d9ec7bbfc49a6bc5155cf44812a733fd72c88f387e1",
      "size_bytes": 307,
      "version": "0.1.0"
    },
    {
      "name": "std.world.net",
      "path": "stdlib/os/0.2.0/modules/std/world/net.x07.json",
      "relpath": "os/0.2.0/modules/std/world/net.x07.json",
      "sha256": "20a2590f227b08cfbdf49d9ec7bbfc49a6bc5155cf44812a733fd72c88f387e1",
      "size_bytes": 307,
      "version": "0.2.0"
    },
    {
      "name": "std.world.process",
      "path": "stdlib/os/0.1.0/modules/std/world/process.x07.json",
      "relpath": "os/0.1.0/modules/std/world/process.x07.json",
      "sha256": "8d090fb22d91f6a7b0b9cf0b0334e2f2c40d323f4b4ca6e0b8c36825267734b6",
      "size_bytes": 7329,
      "version": "0.1.0"
    },
    {
      "name": "std.world.process",
      "path": "stdlib/os/0.2.0/modules/std/world/process.x07.json",
      "relpath": "os/0.2.0/modules/std/world/process.x07.json",
      "sha256": "8d090fb22d91f6a7b0b9cf0b0334e2f2c40d323f4b4ca6e0b8c36825267734b6",
      "size_bytes": 7329,
      "version": "0.2.0"
    },
    {
      "name": "std.world.time",
      "path": "stdlib/os/0.1.0/modules/std/world/time.x07.json",
      "relpath": "os/0.1.0/modules/std/world/time.x07.json",
      "sha256": "962322aafc5f899e4d3cded890f7447c282280e93e81d65b552f7b230e3f605a",
      "size_bytes": 273,
      "version": "0.1.0"
    },
    {
      "name": "std.world.time",
      "path": "stdlib/os/0.2.0/modules/std/world/time.x07.json",
      "relpath": "os/0.2.0/modules/std/world/time.x07.json",
      "sha256": "962322aafc5f899e4d3cded890f7447c282280e93e81d65b552f7b230e3f605a",
      "size_bytes": 273,
      "version": "0.2.0"
    }
  ],
  "stdlib_hash": "bef1e6b60c5081ce02bb955f714ee6bdcdf1886170cc478b4375fec4a7727368",
  "stdlib_root": "stdlib/os"
}
