{
  "format": "x07.stdlib.lock@0.1.0",
  "lock_version": 1,
  "packages": [
    {
      "name": "std.os.env",
      "path": "stdlib/os/0.1.0/modules/std/os/env.x07.json",
      "relpath": "os/0.1.0/modules/std/os/env.x07.json",
      "sha256": "bf074d2f597988285acb3c52a92645013d5ec47676ca0b5bd1f020fb629ab9df",
      "size_bytes": 293,
      "version": "0.1.0"
    },
    {
      "name": "std.os.env",
      "path": "stdlib/os/0.2.0/modules/std/os/env.x07.json",
      "relpath": "os/0.2.0/modules/std/os/env.x07.json",
      "sha256": "bf074d2f597988285acb3c52a92645013d5ec47676ca0b5bd1f020fb629ab9df",
      "size_bytes": 293,
      "version": "0.2.0"
    },
    {
      "name": "std.os.fs",
      "path": "stdlib/os/0.1.0/modules/std/os/fs.x07.json",
      "relpath": "os/0.1.0/modules/std/os/fs.x07.json",
      "sha256": "079e9e095422b868d0268b7f8ee8d09b6e1e1844f4bae7f296f73c935e430554",
      "size_bytes": 510,
      "version": "0.1.0"
    },
    {
      "name": "std.os.net",
      "path": "stdlib/os/0.1.0/modules/std/os/net.x07.json",
      "relpath": "os/0.1.0/modules/std/os/net.x07.json",
      "sha256": "a1eb930ee485ddce95b0598c7c3a845e2d0841b71e22dd55322f0d0c493bf452",
      "size_bytes": 320,
      "version": "0.1.0"
    },
    {
      "name": "std.os.net",
      "path": "stdlib/os/0.2.0/modules/std/os/net.x07.json",
      "relpath": "os/0.2.0/modules/std/os/net.x07.json",
      "sha256": "a1eb930ee485ddce95b0598c7c3a845e2d0841b71e22dd55322f0d0c493bf452",
      "size_bytes": 320,
      "version": "0.2.0"
    },
    {
      "name": "std.os.process",
      "path": "stdlib/os/0.1.0/modules/std/os/process.x07.json",
      "relpath": "os/0.1.0/modules/std/os/process.x07.json",
      "sha256": "ea1beef0883f9511eff86d7c60ccdb81d6d7191e988037e5c77ad6aa7a4a028e",
      "size_bytes": 5349,
      "version": "0.1.0"
    },
    {
      "name": "std.os.process",
      "path": "stdlib/os/0.2.0/modules/std/os/process.x07.json",
      "relpath": "os/0.2.0/modules/std/os/process.x07.json",
      "sha256": "ea1beef0883f9511eff86d7c60ccdb81d6d7191e988037e5c77ad6aa7a4a028e",
      "size_bytes": 5349,
      "version": "0.2.0"
    },
    {
      "name": "std.os.process.caps_v1",
      "path": "stdlib/os/0.1.0/modules/std/os/process/caps_v1.x07.json",
      "relpath": "os/0.1.0/modules/std/os/process/caps_v1.x07.json",
      "sha256": "737cdadaa211d34e9e971973a4aa1d26433f212b5a66370ca824dcbef9e083d0",
      "size_bytes": 752,
      "version": "0.1.0"
    },
    {
      "name": "std.os.process.caps_v1",
      "path": "stdlib/os/0.2.0/modules/std/os/process/caps_v1.x07.json",
      "relpath": "os/0.2.0/modules/std/os/process/caps_v1.x07.json",
      "sha256": "737cdadaa211d34e9e971973a4aa1d26433f212b5a66370ca824dcbef9e083d0",
      "size_bytes": 752,
      "version": "0.2.0"
    },
    {
      "name": "std.os.process.req_v1",
      "path": "stdlib/os/0.1.0/modules/std/os/process/req_v1.x07.json",
      "relpath": "os/0.1.0/modules/std/os/process/req_v1.x07.json",
      "sha256": "479fc63671134c710c302e3b4d89d15d813b07bb09b19c89c97bf6fa46fc4839",
      "size_bytes": 11422,
      "version": "0.1.0"
    },
    {
      "name": "std.os.process.req_v1",
      "path": "stdlib/os/0.2.0/modules/std/os/process/req_v1.x07.json",
      "relpath": "os/0.2.0/modules/std/os/process/req_v1.x07.json",
      "sha256": "479fc63671134c710c302e3b4d89d15d813b07bb09b19c89c97bf6fa46fc4839",
      "size_bytes": 11422,
      "version": "0.2.0"
    },
    {
      "name": "std.os.process_pool",
      "path": "stdlib/os/0.1.0/modules/std/os/process_pool.x07.json",
      "relpath": "os/0.1.0/modules/std/os/process_pool.x07.json",
      "sha256": "67a8cf4dc5dce406ee32d3e346f09206fe0ac2fe1f02e19bdeb522880b6a82e0",
      "size_bytes": 9999,
      "version": "0.1.0"
    },
    {
      "name": "std.os.process_pool",
      "path": "stdlib/os/0.2.0/modules/std/os/process_pool.x07.json",
      "relpath": "os/0.2.0/modules/std/os/process_pool.x07.json",
      "sha256": "67a8cf4dc5dce406ee32d3e346f09206fe0ac2fe1f02e19bdeb522880b6a82e0",
      "size_bytes": 9999,
      "version": "0.2.0"
    },
    {
      "name": "std.os.time",
      "path": "stdlib/os/0.1.0/modules/std/os/time.x07.json",
      "relpath": "os/0.1.0/modules/std/os/time.x07.json",
      "sha256": "5d44a156e57708becccdb0328f03be2fdf4b749662a21efea95e61364bd6f317",
      "size_bytes": 287,
      "version": "0.1.0"
    },
    {
      "name": "std.os.time",
      "path": "stdlib/os/0.2.0/modules/std/os/time.x07.json",
      "relpath": "os/0.2.0/modules/std/os/time.x07.json",
      "sha256": "5d44a156e57708becccdb0328f03be2fdf4b749662a21efea95e61364bd6f317",
      "size_bytes": 287,
      "version": "0.2.0"
    },
    {
      "name": "std.world.env",
      "path": "stdlib/os/0.1.0/modules/std/world/env.x07.json",
      "relpath": "os/0.1.0/modules/std/world/env.x07.json",
      "sha256": "f00c06a6e54a2f84e40d94799a191150979b2aabd5cc837b96341991bc4bd14f",
      "size_bytes": 280,
      "version": "0.1.0"
    },
    {
      "name": "std.world.env",
      "path": "stdlib/os/0.2.0/modules/std/world/env.x07.json",
      "relpath": "os/0.2.0/modules/std/world/env.x07.json",
      "sha256": "f00c06a6e54a2f84e40d94799a191150979b2aabd5cc837b96341991bc4bd14f",
      "size_bytes": 280,
      "version": "0.2.0"
    },
    {
      "name": "std.world.fs",
      "path": "stdlib/os/0.1.0/modules/std/world/fs.x07.json",
      "relpath": "os/0.1.0/modules/std/world/fs.x07.json",
      "sha256": "d9ea58d625b1871656c0f33609aee4f0f621b1a8a4ce2c8dcb3fa39654b44f02",
      "size_bytes": 673,
      "version": "0.1.0"
    },
    {
      "name": "std.world.fs",
      "path": "stdlib/os/0.2.0/modules/std/world/fs.x07.json",
      "relpath": "os/0.2.0/modules/std/world/fs.x07.json",
      "sha256": "d9ea58d625b1871656c0f33609aee4f0f621b1a8a4ce2c8dcb3fa39654b44f02",
      "size_bytes": 673,
      "version": "0.2.0"
    },
    {
      "name": "std.world.net",
      "path": "stdlib/os/0.1.0/modules/std/world/net.x07.json",
      "relpath": "os/0.1.0/modules/std/world/net.x07.json",
      "sha256": "371e5f27f0577cfb49e69c41e241cb538e36a5ab5ad02b34faa36d091d4d7666",
      "size_bytes": 307,
      "version": "0.1.0"
    },
    {
      "name": "std.world.net",
      "path": "stdlib/os/0.2.0/modules/std/world/net.x07.json",
      "relpath": "os/0.2.0/modules/std/world/net.x07.json",
      "sha256": "371e5f27f0577cfb49e69c41e241cb538e36a5ab5ad02b34faa36d091d4d7666",
      "size_bytes": 307,
      "version": "0.2.0"
    },
    {
      "name": "std.world.process",
      "path": "stdlib/os/0.1.0/modules/std/world/process.x07.json",
      "relpath": "os/0.1.0/modules/std/world/process.x07.json",
      "sha256": "7c5e349327dd5278be7a7e419792d7662c5dccb2cb0be88b7ba072ab2972dd8b",
      "size_bytes": 7134,
      "version": "0.1.0"
    },
    {
      "name": "std.world.process",
      "path": "stdlib/os/0.2.0/modules/std/world/process.x07.json",
      "relpath": "os/0.2.0/modules/std/world/process.x07.json",
      "sha256": "7c5e349327dd5278be7a7e419792d7662c5dccb2cb0be88b7ba072ab2972dd8b",
      "size_bytes": 7134,
      "version": "0.2.0"
    },
    {
      "name": "std.world.time",
      "path": "stdlib/os/0.1.0/modules/std/world/time.x07.json",
      "relpath": "os/0.1.0/modules/std/world/time.x07.json",
      "sha256": "ca9cfb1c77d70a4e83b5baa8949fce295185d4dbb657bf48836ee4544a4e0bff",
      "size_bytes": 273,
      "version": "0.1.0"
    },
    {
      "name": "std.world.time",
      "path": "stdlib/os/0.2.0/modules/std/world/time.x07.json",
      "relpath": "os/0.2.0/modules/std/world/time.x07.json",
      "sha256": "ca9cfb1c77d70a4e83b5baa8949fce295185d4dbb657bf48836ee4544a4e0bff",
      "size_bytes": 273,
      "version": "0.2.0"
    }
  ],
  "stdlib_hash": "ba816af978cfa63695727141ff4586bd2dcd933006990ee7bf58716c4f8eefa0",
  "stdlib_root": "stdlib/os"
}
