{
  "format": "x07.stdlib.lock@0.1.0",
  "lock_version": 1,
  "packages": [
    {
      "name": "std.bit",
      "path": "stdlib/std/0.1.1/modules/std/bit.x07.json",
      "relpath": "std/0.1.1/modules/std/bit.x07.json",
      "sha256": "abea90c5d0d8079d74ed1ac15b1af74554ff692260c71cb7ac229a54d2fec83c",
      "size_bytes": 538,
      "version": "0.1.1"
    },
    {
      "name": "std.bitset",
      "path": "stdlib/std/0.1.1/modules/std/bitset.x07.json",
      "relpath": "std/0.1.1/modules/std/bitset.x07.json",
      "sha256": "a88d2dbce28612d977eff890f16367b08d3e2a7ac03b3d8fb7f250394ead278e",
      "size_bytes": 1910,
      "version": "0.1.1"
    },
    {
      "name": "std.btree_map",
      "path": "stdlib/std/0.1.1/modules/std/btree_map.x07.json",
      "relpath": "std/0.1.1/modules/std/btree_map.x07.json",
      "sha256": "e8f011a01fac93d4e37cd575b2d88babd232c7014e212633e1bf6ce629c78d4f",
      "size_bytes": 3460,
      "version": "0.1.1"
    },
    {
      "name": "std.btree_set",
      "path": "stdlib/std/0.1.1/modules/std/btree_set.x07.json",
      "relpath": "std/0.1.1/modules/std/btree_set.x07.json",
      "sha256": "783aace6be04a456e44b13c3ab58e9bb3c9ae999f669b288cb87de36c273712d",
      "size_bytes": 2148,
      "version": "0.1.1"
    },
    {
      "name": "std.bytes",
      "path": "stdlib/std/0.1.0/modules/std/bytes.x07.json",
      "relpath": "std/0.1.0/modules/std/bytes.x07.json",
      "sha256": "494890a40999f901b9b624f75bd1a94bf9231f3193a27010ea71d91b1a34503a",
      "size_bytes": 2123,
      "version": "0.1.0"
    },
    {
      "name": "std.bytes",
      "path": "stdlib/std/0.1.1/modules/std/bytes.x07.json",
      "relpath": "std/0.1.1/modules/std/bytes.x07.json",
      "sha256": "2599ced6d0334cbacafa924554a2dc2f557464246bb3e0c0a61027f95db417c9",
      "size_bytes": 5181,
      "version": "0.1.1"
    },
    {
      "name": "std.codec",
      "path": "stdlib/std/0.1.0/modules/std/codec.x07.json",
      "relpath": "std/0.1.0/modules/std/codec.x07.json",
      "sha256": "12c1f6b8443e61ce79f8f9fd13b135072f56ddb958cc7248ad71a18fecbe9b8e",
      "size_bytes": 476,
      "version": "0.1.0"
    },
    {
      "generated_by": "x07import",
      "name": "std.codec",
      "path": "stdlib/std/0.1.1/modules/std/codec.x07.json",
      "relpath": "std/0.1.1/modules/std/codec.x07.json",
      "sha256": "8b59ca5f0f101abfef63714d52a4573e4a404b29e8a3ee1cfd642dbd5a65af1b",
      "size_bytes": 686,
      "source_path": "tests/x07import/fixtures/import_sources/rust/std_codec@0.1.1/codec.rs",
      "source_sha256": "50afeb382f2d1d514636c4c60d2537ae4e50f23e8509635dbc6013b762f02907",
      "version": "0.1.1"
    },
    {
      "name": "std.csv",
      "path": "stdlib/std/0.1.0/modules/std/csv.x07.json",
      "relpath": "std/0.1.0/modules/std/csv.x07.json",
      "sha256": "713e86cdd91a6973383b86428f7ad6cd5df0477f36ec4eecc7b68d306cedd101",
      "size_bytes": 316,
      "version": "0.1.0"
    },
    {
      "name": "std.csv",
      "path": "stdlib/std/0.1.1/modules/std/csv.x07.json",
      "relpath": "std/0.1.1/modules/std/csv.x07.json",
      "sha256": "e1e990cec2fa6307bce7da0a5a6d52d49873d66ef50485c983d7e8458625091e",
      "size_bytes": 2315,
      "version": "0.1.1"
    },
    {
      "name": "std.deque_u32",
      "path": "stdlib/std/0.1.1/modules/std/deque_u32.x07.json",
      "relpath": "std/0.1.1/modules/std/deque_u32.x07.json",
      "sha256": "d3453cf7c6d64bbc59a4b3fae1d8f860b80c634ccc70b21fe347d85d9dea21b2",
      "size_bytes": 4309,
      "version": "0.1.1"
    },
    {
      "name": "std.fmt",
      "path": "stdlib/std/0.1.0/modules/std/fmt.x07.json",
      "relpath": "std/0.1.0/modules/std/fmt.x07.json",
      "sha256": "6cf4513bacdfb05b285f7d0cec707eed93147bbaec16eb3565e461010e9d574e",
      "size_bytes": 421,
      "version": "0.1.0"
    },
    {
      "generated_by": "x07import",
      "name": "std.fmt",
      "path": "stdlib/std/0.1.1/modules/std/fmt.x07.json",
      "relpath": "std/0.1.1/modules/std/fmt.x07.json",
      "sha256": "a5f71b538ee5bd724afecc88525bbbd4b9f0c2ab880b759f3528dedcd23fcfe9",
      "size_bytes": 622,
      "source_path": "tests/x07import/fixtures/import_sources/rust/std_fmt@0.1.1/fmt.rs",
      "source_sha256": "0b0105da3643fc13127dad87446cf5a50714126ba7a215b84ee327989e732224",
      "version": "0.1.1"
    },
    {
      "name": "std.fs",
      "path": "stdlib/std/0.1.0/modules/std/fs.x07.json",
      "relpath": "std/0.1.0/modules/std/fs.x07.json",
      "sha256": "e5f42f98778640fad3b99f7b01e80d100659605417bb7912f8e0527d12157dcf",
      "size_bytes": 260,
      "version": "0.1.0"
    },
    {
      "name": "std.fs",
      "path": "stdlib/std/0.1.1/modules/std/fs.x07.json",
      "relpath": "std/0.1.1/modules/std/fs.x07.json",
      "sha256": "c9f877441a461e80bc86b629fad3c9c431288414b6b2f9e5f3530df29e6a6ec9",
      "size_bytes": 1271,
      "version": "0.1.1"
    },
    {
      "name": "std.hash",
      "path": "stdlib/std/0.1.1/modules/std/hash.x07.json",
      "relpath": "std/0.1.1/modules/std/hash.x07.json",
      "sha256": "bad4f36d0c973bea0d00a2d3aa77f9df5a520f8bc45a64764a3627bf26986a20",
      "size_bytes": 1333,
      "version": "0.1.1"
    },
    {
      "name": "std.hash_map",
      "path": "stdlib/std/0.1.1/modules/std/hash_map.x07.json",
      "relpath": "std/0.1.1/modules/std/hash_map.x07.json",
      "sha256": "f2ba6365f854bbd69e5634558fca30d07f687022691b7657371857bc752bf375",
      "size_bytes": 1978,
      "version": "0.1.1"
    },
    {
      "name": "std.hash_set",
      "path": "stdlib/std/0.1.1/modules/std/hash_set.x07.json",
      "relpath": "std/0.1.1/modules/std/hash_set.x07.json",
      "sha256": "dacd4af86ca95f919575eae373afd99bdbfc114cd0505d67c99794749108a397",
      "size_bytes": 6930,
      "version": "0.1.1"
    },
    {
      "name": "std.heap_u32",
      "path": "stdlib/std/0.1.1/modules/std/heap_u32.x07.json",
      "relpath": "std/0.1.1/modules/std/heap_u32.x07.json",
      "sha256": "c5910d0456ee46b8a5fc8422a2560fcacbfa80e62921195068c055deafb662c9",
      "size_bytes": 4312,
      "version": "0.1.1"
    },
    {
      "name": "std.io",
      "path": "stdlib/std/0.1.1/modules/std/io.x07.json",
      "relpath": "std/0.1.1/modules/std/io.x07.json",
      "sha256": "7d822f332e784563ceff410b39a4d9e41d46f96803b16607b129d023d52acfc4",
      "size_bytes": 709,
      "version": "0.1.1"
    },
    {
      "name": "std.io.bufread",
      "path": "stdlib/std/0.1.1/modules/std/io/bufread.x07.json",
      "relpath": "std/0.1.1/modules/std/io/bufread.x07.json",
      "sha256": "bd61b9ebd5d57695657af2f66bff64ba549742119e2deaa59a1727b70fab054a",
      "size_bytes": 658,
      "version": "0.1.1"
    },
    {
      "name": "std.json",
      "path": "stdlib/std/0.1.0/modules/std/json.x07.json",
      "relpath": "std/0.1.0/modules/std/json.x07.json",
      "sha256": "4d7bd2ba29e53b64ae6b8975a0a23c763a7eaac4a33e50a9a3b25559d73762f6",
      "size_bytes": 14635,
      "version": "0.1.0"
    },
    {
      "name": "std.json",
      "path": "stdlib/std/0.1.1/modules/std/json.x07.json",
      "relpath": "std/0.1.1/modules/std/json.x07.json",
      "sha256": "d3722f8ee381e13d05f465886fd2c7301fb8b929aa23ef56c0d4f183fd442a7a",
      "size_bytes": 30302,
      "version": "0.1.1"
    },
    {
      "name": "std.kv",
      "path": "stdlib/std/0.1.0/modules/std/kv.x07.json",
      "relpath": "std/0.1.0/modules/std/kv.x07.json",
      "sha256": "530f31816b942b8bd2cc259737f06cd3dea0e94a9fb65f6d0a5fe51f4d2d1aaa",
      "size_bytes": 416,
      "version": "0.1.0"
    },
    {
      "name": "std.kv",
      "path": "stdlib/std/0.1.1/modules/std/kv.x07.json",
      "relpath": "std/0.1.1/modules/std/kv.x07.json",
      "sha256": "7b8e97a62f67615c7c9406cb2f9d2889d9c8c24a27be5861a351577be763adab",
      "size_bytes": 877,
      "version": "0.1.1"
    },
    {
      "name": "std.lru_cache",
      "path": "stdlib/std/0.1.1/modules/std/lru_cache.x07.json",
      "relpath": "std/0.1.1/modules/std/lru_cache.x07.json",
      "sha256": "4db6ed2b8fd7ae28620dd2a2f919b92bbacdacdcd94ecb2346568cd138b58c04",
      "size_bytes": 8583,
      "version": "0.1.1"
    },
    {
      "name": "std.map",
      "path": "stdlib/std/0.1.0/modules/std/map.x07.json",
      "relpath": "std/0.1.0/modules/std/map.x07.json",
      "sha256": "7a5ad82e6eaf724bdb1b1ced0c4893130dffc27715ff2d53b9a013329f647b2d",
      "size_bytes": 3998,
      "version": "0.1.0"
    },
    {
      "name": "std.map",
      "path": "stdlib/std/0.1.1/modules/std/map.x07.json",
      "relpath": "std/0.1.1/modules/std/map.x07.json",
      "sha256": "9cdad138fc3f9d5cec37743e0646f7a4ad0a9a507cc5f93bc9088e7e037ff1e9",
      "size_bytes": 2007,
      "version": "0.1.1"
    },
    {
      "name": "std.option",
      "path": "stdlib/std/0.1.0/modules/std/option.x07.json",
      "relpath": "std/0.1.0/modules/std/option.x07.json",
      "sha256": "2b5c1b74e3a9e6c0de23044c991447e2219dfaa9ee89f8a0f209b7b989da6c3f",
      "size_bytes": 1591,
      "version": "0.1.0"
    },
    {
      "name": "std.option",
      "path": "stdlib/std/0.1.1/modules/std/option.x07.json",
      "relpath": "std/0.1.1/modules/std/option.x07.json",
      "sha256": "f7a5967b60bf1eb91c7a782523cf05d35098fd6bddd90d4886d1ed91c34f3e70",
      "size_bytes": 1663,
      "version": "0.1.1"
    },
    {
      "name": "std.parse",
      "path": "stdlib/std/0.1.0/modules/std/parse.x07.json",
      "relpath": "std/0.1.0/modules/std/parse.x07.json",
      "sha256": "cf45699c7bbd5dc4fd4c0f4d4222eb1edffca7675ac865975f5aff474c9bddf0",
      "size_bytes": 4229,
      "version": "0.1.0"
    },
    {
      "name": "std.parse",
      "path": "stdlib/std/0.1.1/modules/std/parse.x07.json",
      "relpath": "std/0.1.1/modules/std/parse.x07.json",
      "sha256": "012bd76d24daa158ced1270db94709f58c153081beef14e8b95801a22eec0fd9",
      "size_bytes": 4318,
      "version": "0.1.1"
    },
    {
      "name": "std.path",
      "path": "stdlib/std/0.1.1/modules/std/path.x07.json",
      "relpath": "std/0.1.1/modules/std/path.x07.json",
      "sha256": "50e599688bde14d5a5f4adb5afb7e68bab01143b4b7f61f3bfd7a206269893e5",
      "size_bytes": 1850,
      "version": "0.1.1"
    },
    {
      "name": "std.prng",
      "path": "stdlib/std/0.1.0/modules/std/prng.x07.json",
      "relpath": "std/0.1.0/modules/std/prng.x07.json",
      "sha256": "5e197161995d3e18507f0fece4d5782d4b932180f3c7c84c2cced57d9cfef240",
      "size_bytes": 290,
      "version": "0.1.0"
    },
    {
      "name": "std.prng",
      "path": "stdlib/std/0.1.1/modules/std/prng.x07.json",
      "relpath": "std/0.1.1/modules/std/prng.x07.json",
      "sha256": "e3726b23a378a8d280281af0a85cf1759b6ec5d1fd8c64490a6f70964427846e",
      "size_bytes": 2713,
      "version": "0.1.1"
    },
    {
      "name": "std.regex-lite",
      "path": "stdlib/std/0.1.0/modules/std/regex-lite.x07.json",
      "relpath": "std/0.1.0/modules/std/regex-lite.x07.json",
      "sha256": "49fac56a8ad332c02894312e9e483b040f0eb76facd86eeb02181a27d69d12ee",
      "size_bytes": 1011,
      "version": "0.1.0"
    },
    {
      "generated_by": "x07import",
      "name": "std.regex-lite",
      "path": "stdlib/std/0.1.1/modules/std/regex-lite.x07.json",
      "relpath": "std/0.1.1/modules/std/regex-lite.x07.json",
      "sha256": "b12aceda7c396fdf86fab6c912798ebca07f297304820023d63f6990891fb1a7",
      "size_bytes": 5716,
      "source_path": "tests/x07import/fixtures/import_sources/rust/std_regex_lite@0.1.1/regex_lite.rs",
      "source_sha256": "752285b7baf9f3d007a968aee328d097b9ef0fb981b601cdba6c8fe561e56ffb",
      "version": "0.1.1"
    },
    {
      "name": "std.result",
      "path": "stdlib/std/0.1.0/modules/std/result.x07.json",
      "relpath": "std/0.1.0/modules/std/result.x07.json",
      "sha256": "d14e631e8729880036b3cf3c0e3cbc2967194452781ab68483e86c4079fe68f3",
      "size_bytes": 2859,
      "version": "0.1.0"
    },
    {
      "name": "std.result",
      "path": "stdlib/std/0.1.1/modules/std/result.x07.json",
      "relpath": "std/0.1.1/modules/std/result.x07.json",
      "sha256": "449f927aa50d7ea0fd628ccba20c1e00eaea9cbee482b95479dc97d5473a4129",
      "size_bytes": 2936,
      "version": "0.1.1"
    },
    {
      "name": "std.rr",
      "path": "stdlib/std/0.1.0/modules/std/rr.x07.json",
      "relpath": "std/0.1.0/modules/std/rr.x07.json",
      "sha256": "70f413e87aa9f899538b8cf421c5f709be402b2d5da71d6b3ff3ba5776fd5e11",
      "size_bytes": 282,
      "version": "0.1.0"
    },
    {
      "name": "std.rr",
      "path": "stdlib/std/0.1.1/modules/std/rr.x07.json",
      "relpath": "std/0.1.1/modules/std/rr.x07.json",
      "sha256": "6e3ffb4961a9eea7316cc5ff489e1ba3911c37be44cba3fd12066ff695c1aaf0",
      "size_bytes": 713,
      "version": "0.1.1"
    },
    {
      "name": "std.set",
      "path": "stdlib/std/0.1.0/modules/std/set.x07.json",
      "relpath": "std/0.1.0/modules/std/set.x07.json",
      "sha256": "b6164e32337b8ca9b2bb87d9bc92c0e4f5d5ac764e74535d5f9d8fecaa0a7b6f",
      "size_bytes": 3793,
      "version": "0.1.0"
    },
    {
      "name": "std.set",
      "path": "stdlib/std/0.1.1/modules/std/set.x07.json",
      "relpath": "std/0.1.1/modules/std/set.x07.json",
      "sha256": "d7f7abf9673a668777c18d929cec72d3a3c0609fbace9f3dd37e278c92d1a0cd",
      "size_bytes": 2678,
      "version": "0.1.1"
    },
    {
      "name": "std.slab",
      "path": "stdlib/std/0.1.1/modules/std/slab.x07.json",
      "relpath": "std/0.1.1/modules/std/slab.x07.json",
      "sha256": "b2f095c483ec21696397b7bf2f1b54481cc48af0fefa90f5ae84a42e29f70040",
      "size_bytes": 4861,
      "version": "0.1.1"
    },
    {
      "name": "std.slice",
      "path": "stdlib/std/0.1.0/modules/std/slice.x07.json",
      "relpath": "std/0.1.0/modules/std/slice.x07.json",
      "sha256": "0d333c70b0d53815024354dfe6b8a74ef333291f9c151791e893b14bc936ecc6",
      "size_bytes": 845,
      "version": "0.1.0"
    },
    {
      "name": "std.slice",
      "path": "stdlib/std/0.1.1/modules/std/slice.x07.json",
      "relpath": "std/0.1.1/modules/std/slice.x07.json",
      "sha256": "1862e3148052c0043861fd24929f235e233b5c3fffa13600632a003ced05874c",
      "size_bytes": 618,
      "version": "0.1.1"
    },
    {
      "name": "std.small_map",
      "path": "stdlib/std/0.1.1/modules/std/small_map.x07.json",
      "relpath": "std/0.1.1/modules/std/small_map.x07.json",
      "sha256": "09ecd234d1c4ca18a6927d6a638af5689ff519d79b871e49d4420a186b04a470",
      "size_bytes": 7906,
      "version": "0.1.1"
    },
    {
      "name": "std.small_set",
      "path": "stdlib/std/0.1.1/modules/std/small_set.x07.json",
      "relpath": "std/0.1.1/modules/std/small_set.x07.json",
      "sha256": "5674bcab391f646304ac6cc4122a056686f98c4f3988df0fbb04d63decef5195",
      "size_bytes": 2678,
      "version": "0.1.1"
    },
    {
      "name": "std.test",
      "path": "stdlib/std/0.1.1/modules/std/test.x07.json",
      "relpath": "std/0.1.1/modules/std/test.x07.json",
      "sha256": "5f7edf365edbe8e558d9be52b6b091705d9ff25914b7a8b568bb215191d01c5d",
      "size_bytes": 3054,
      "version": "0.1.1"
    },
    {
      "name": "std.text.ascii",
      "path": "stdlib/std/0.1.0/modules/std/text/ascii.x07.json",
      "relpath": "std/0.1.0/modules/std/text/ascii.x07.json",
      "sha256": "42cd8cf418c72a2684065a38b81ead92b6cc3a6e4bfc0fa43af70eba2985df89",
      "size_bytes": 3544,
      "version": "0.1.0"
    },
    {
      "generated_by": "x07import",
      "name": "std.text.ascii",
      "path": "stdlib/std/0.1.1/modules/std/text/ascii.x07.json",
      "relpath": "std/0.1.1/modules/std/text/ascii.x07.json",
      "sha256": "fd99725c727467c54ef0a33ad8a42c76f9eb45f4869eebdcaa0b510e4f97113b",
      "size_bytes": 8287,
      "source_path": "tests/x07import/fixtures/import_sources/rust/std_text_ascii@0.1.1/ascii.rs",
      "source_sha256": "47a0ed64ce97778363a5cc264001898182518315635682ba845c8d191eb615df",
      "version": "0.1.1"
    },
    {
      "name": "std.text.slices",
      "path": "stdlib/std/0.1.1/modules/std/text/slices.x07.json",
      "relpath": "std/0.1.1/modules/std/text/slices.x07.json",
      "sha256": "0347a2f22b5e9a8e0cc392b00985d1dffb0c3075a7df51b17504fbe1367aca68",
      "size_bytes": 4325,
      "version": "0.1.1"
    },
    {
      "name": "std.text.utf8",
      "path": "stdlib/std/0.1.0/modules/std/text/utf8.x07.json",
      "relpath": "std/0.1.0/modules/std/text/utf8.x07.json",
      "sha256": "091a68117cfd9690c6a50669ef0d375c97ebc0c4bedf0147a0f32afe5bf4553a",
      "size_bytes": 3112,
      "version": "0.1.0"
    },
    {
      "generated_by": "x07import",
      "name": "std.text.utf8",
      "path": "stdlib/std/0.1.1/modules/std/text/utf8.x07.json",
      "relpath": "std/0.1.1/modules/std/text/utf8.x07.json",
      "sha256": "b297ac5d6771b81b215a31e88b4d7dd5eeaba2ff0faf7583696548651fb57058",
      "size_bytes": 4023,
      "source_path": "tests/x07import/fixtures/import_sources/rust/std_text_utf8@0.1.1/utf8.rs",
      "source_sha256": "2a870193f685d77f9f3068ecf278a677bf06d65a22c22b26c1ab227f2de0c6c2",
      "version": "0.1.1"
    },
    {
      "name": "std.u32",
      "path": "stdlib/std/0.1.1/modules/std/u32.x07.json",
      "relpath": "std/0.1.1/modules/std/u32.x07.json",
      "sha256": "c64bc6b710f0a3281d836add5ae298f27957a96f70d96bbfc9b8f59692fcc888",
      "size_bytes": 2329,
      "version": "0.1.1"
    },
    {
      "name": "std.vec",
      "path": "stdlib/std/0.1.0/modules/std/vec.x07.json",
      "relpath": "std/0.1.0/modules/std/vec.x07.json",
      "sha256": "5703ce6f9002e08f91d96a45ac9b8fbcd937a55d68c779376ac38484332fc157",
      "size_bytes": 1540,
      "version": "0.1.0"
    },
    {
      "name": "std.vec",
      "path": "stdlib/std/0.1.1/modules/std/vec.x07.json",
      "relpath": "std/0.1.1/modules/std/vec.x07.json",
      "sha256": "fb87654e8b4ecd9fc0f1bc88ff2a2577bd666231c58764877372c3e54955b30a",
      "size_bytes": 1296,
      "version": "0.1.1"
    },
    {
      "name": "std.world.fs",
      "path": "stdlib/std/0.1.1/modules/std/world/fs.x07.json",
      "relpath": "std/0.1.1/modules/std/world/fs.x07.json",
      "sha256": "309b305e4caae45f7e5c57987c5c849dafee65348946da7bdfb98fb26cfd7450",
      "size_bytes": 472,
      "version": "0.1.1"
    }
  ],
  "stdlib_hash": "9b9ae74d6a57f10848c50a4e9d5874361aae282fef466a0f0aa65e9bc8a7af2b",
  "stdlib_root": "stdlib/std"
}
